Microsoft Visual Studio Solution File, Format Version 10.00
# Visual Studio 2008
Project("{8BC9CEB8-8B4A-11D0-8D11-00A0C91BC942}") = "create", "create.vcproj", "{F6477425-4147-4E69-8F24-53935BA0110B}"
EndProject
Global
	GlobalSection(SolutionConfigurationPlatforms) = preSolution
		Debug|Win32 = Debug|Win32
		Release|Win32 = Release|Win32
	EndGlobalSection
	GlobalSection(ProjectConfigurationPlatforms) = postSolution
		{F6477425-4147-4E69-8F24-53935BA0110B}.Debug|Win32.ActiveCfg = Debug|Win32
		{F6477425-4147-4E69-8F24-53935BA0110B}.Debug|Win32.Build.0 = Debug|Win32
		{F6477425-4147-4E69-8F24-53935BA0110B}.Release|Win32.ActiveCfg = Release|Win32
		{F6477425-4147-4E69-8F24-53935BA0110B}.Release|Win32.Build.0 = Release|Win32
	EndGlobalSection
	GlobalSection(SolutionProperties) = preSolution
		HideSolutionNode = FALSE
	EndGlobalSection
EndGlobal
