Microsoft Visual Studio Solution File, Format Version 7.00
Project("{059D6162-CD51-11D0-AE1F-00A0C90FFFC3}") = "XMLAppDB", "XMLAppDB\XMLAppDB.dsp", "{C94394DA-625A-47B1-A148-78909D97C264}"
	ProjectSection(ProjectDependencies) = postProject
	EndProjectSection
	ProjectSection(SolutionConfiguration) = postProject
	EndProjectSection
EndProject
Project("{8BC9CEB8-8B4A-11D0-8D11-00A0C91BC942}") = "XMLDBService", "XMLDBService.vcproj", "{F7BF19B1-384F-45D8-9366-A7AE3D98A2A0}"
	ProjectSection(ProjectDependencies) = postProject
	EndProjectSection
	ProjectSection(SolutionConfiguration) = postProject
		Release.ActiveCfg = Release|Win32
		Release.Build.0 = Release|Win32
		Debug.ActiveCfg = Debug|Win32
		Debug.Build.0 = Debug|Win32
	EndProjectSection
EndProject
Global
	GlobalSection(SolutionConfiguration) = preSolution
		ConfigName.0 = Release
		ConfigName.1 = Debug
		DoSign = FALSE
	EndGlobalSection
	GlobalSection(ExtensibilityGlobals) = postSolution
	EndGlobalSection
	GlobalSection(ExtensibilityAddIns) = postSolution
	EndGlobalSection
EndGlobal
