Microsoft Visual Studio Solution File, Format Version 7.00
Project("{FAE04EC0-301F-11D3-BF4B-00C04F79EFBC}") = "TestBed", "http://localhost/TestBed/TestBed.csproj", "{EA396DB5-13D9-4E65-869A-DDE61E99168B}"
EndProject
Global
	GlobalSection(SolutionConfiguration) = preSolution
		ConfigName.0 = Debug
		ConfigName.1 = Release
	EndGlobalSection
	GlobalSection(ProjectDependencies) = postSolution
	EndGlobalSection
	GlobalSection(ProjectConfiguration) = postSolution
		{EA396DB5-13D9-4E65-869A-DDE61E99168B}.Debug.ActiveCfg = Debug|.NET
		{EA396DB5-13D9-4E65-869A-DDE61E99168B}.Debug.Build.0 = Debug|.NET
		{EA396DB5-13D9-4E65-869A-DDE61E99168B}.Release.ActiveCfg = Release|.NET
		{EA396DB5-13D9-4E65-869A-DDE61E99168B}.Release.Build.0 = Release|.NET
	EndGlobalSection
	GlobalSection(ExtensibilityGlobals) = postSolution
	EndGlobalSection
	GlobalSection(ExtensibilityAddIns) = postSolution
	EndGlobalSection
EndGlobal
